
Microsoft Visual Studio Solution File, Format Version 10.00
# Visual Studio 2008
Project("{FAE04EC0-301F-11D3-BF4B-00C04F79EFBC}") = "TwitterDA", "TwitterDA.csproj", "{06253CE9-63D2-4281-90C4-4C0E7110DBB4}"
EndProject
Global
	GlobalSection(SolutionConfigurationPlatforms) = preSolution
		Debug|Any CPU = Debug|Any CPU
		Release|Any CPU = Release|Any CPU
	EndGlobalSection
	GlobalSection(ProjectConfigurationPlatforms) = postSolution
		{06253CE9-63D2-4281-90C4-4C0E7110DBB4}.Debug|Any CPU.ActiveCfg = Debug|Any CPU
		{06253CE9-63D2-4281-90C4-4C0E7110DBB4}.Debug|Any CPU.Build.0 = Debug|Any CPU
		{06253CE9-63D2-4281-90C4-4C0E7110DBB4}.Release|Any CPU.ActiveCfg = Release|Any CPU
		{06253CE9-63D2-4281-90C4-4C0E7110DBB4}.Release|Any CPU.Build.0 = Release|Any CPU
	EndGlobalSection
	GlobalSection(SolutionProperties) = preSolution
		HideSolutionNode = FALSE
	EndGlobalSection
EndGlobal
